// !$*UTF8*$!
{
	archiveVersion = 1;
	classes = {
	};
	objectVersion = 56;
	objects = {

/* Begin PBXBuildFile section */
		D8FC29FB29C8F5BC00AA2DB3 /* AppDelegate.swift in Sources */ = {isa = PBXBuildFile; fileRef = D8FC29FA29C8F5BC00AA2DB3 /* AppDelegate.swift */; };
		D8FC29FD29C8F5BC00AA2DB3 /* SceneDelegate.swift in Sources */ = {isa = PBXBuildFile; fileRef = D8FC29FC29C8F5BC00AA2DB3 /* SceneDelegate.swift */; };
		D8FC29FF29C8F5BC00AA2DB3 /* ViewController.swift in Sources */ = {isa = PBXBuildFile; fileRef = D8FC29FE29C8F5BC00AA2DB3 /* ViewController.swift */; };
		D8FC2A0229C8F5BC00AA2DB3 /* Main.storyboard in Resources */ = {isa = PBXBuildFile; fileRef = D8FC2A0029C8F5BC00AA2DB3 /* Main.storyboard */; };
		D8FC2A0429C8F5BE00AA2DB3 /* Assets.xcassets in Resources */ = {isa = PBXBuildFile; fileRef = D8FC2A0329C8F5BE00AA2DB3 /* Assets.xcassets */; };
		D8FC2A0729C8F5BE00AA2DB3 /* LaunchScreen.storyboard in Resources */ = {isa = PBXBuildFile; fileRef = D8FC2A0529C8F5BE00AA2DB3 /* LaunchScreen.storyboard */; };
		D8FC2A1229C8F5BE00AA2DB3 /* Storyboard_1Tests.swift in Sources */ = {isa = PBXBuildFile; fileRef = D8FC2A1129C8F5BE00AA2DB3 /* Storyboard_1Tests.swift */; };
		D8FC2A1C29C8F5BE00AA2DB3 /* Storyboard_1UITests.swift in Sources */ = {isa = PBXBuildFile; fileRef = D8FC2A1B29C8F5BE00AA2DB3 /* Storyboard_1UITests.swift */; };
		D8FC2A1E29C8F5BE00AA2DB3 /* Storyboard_1UITestsLaunchTests.swift in Sources */ = {isa = PBXBuildFile; fileRef = D8FC2A1D29C8F5BE00AA2DB3 /* Storyboard_1UITestsLaunchTests.swift */; };
/* End PBXBuildFile section */

/* Begin PBXContainerItemProxy section */
		D8FC2A0E29C8F5BE00AA2DB3 /* PBXContainerItemProxy */ = {
			isa = PBXContainerItemProxy;
			containerPortal = D8FC29EF29C8F5BC00AA2DB3 /* Project object */;
			proxyType = 1;
			remoteGlobalIDString = D8FC29F629C8F5BC00AA2DB3;
			remoteInfo = "Storyboard-1";
		};
		D8FC2A1829C8F5BE00AA2DB3 /* PBXContainerItemProxy */ = {
			isa = PBXContainerItemProxy;
			containerPortal = D8FC29EF29C8F5BC00AA2DB3 /* Project object */;
			proxyType = 1;
			remoteGlobalIDString = D8FC29F629C8F5BC00AA2DB3;
			remoteInfo = "Storyboard-1";
		};
/* End PBXContainerItemProxy section */

/* Begin PBXFileReference section */
		D8FC29F729C8F5BC00AA2DB3 /* Storyboard-1.app */ = {isa = PBXFileReference; explicitFileType = wrapper.application; includeInIndex = 0; path = "Storyboard-1.app"; sourceTree = BUILT_PRODUCTS_DIR; };
		D8FC29FA29C8F5BC00AA2DB3 /* AppDelegate.swift */ = {isa = PBXFileReference; lastKnownFileType = sourcecode.swift; path = AppDelegate.swift; sourceTree = "<group>"; };
		D8FC29FC29C8F5BC00AA2DB3 /* SceneDelegate.swift */ = {isa = PBXFileReference; lastKnownFileType = sourcecode.swift; path = SceneDelegate.swift; sourceTree = "<group>"; };
		D8FC29FE29C8F5BC00AA2DB3 /* ViewController.swift */ = {isa = PBXFileReference; lastKnownFileType = sourcecode.swift; path = ViewController.swift; sourceTree = "<group>"; };
		D8FC2A0129C8F5BC00AA2DB3 /* Base */ = {isa = PBXFileReference; lastKnownFileType = file.storyboard; name = Base; path = Base.lproj/Main.storyboard; sourceTree = "<group>"; };
		D8FC2A0329C8F5BE00AA2DB3 /* Assets.xcassets */ = {isa = PBXFileReference; lastKnownFileType = folder.assetcatalog; path = Assets.xcassets; sourceTree = "<group>"; };
		D8FC2A0629C8F5BE00AA2DB3 /* Base */ = {isa = PBXFileReference; lastKnownFileType = file.storyboard; name = Base; path = Base.lproj/LaunchScreen.storyboard; sourceTree = "<group>"; };
		D8FC2A0829C8F5BE00AA2DB3 /* Info.plist */ = {isa = PBXFileReference; lastKnownFileType = text.plist.xml; path = Info.plist; sourceTree = "<group>"; };
		D8FC2A0D29C8F5BE00AA2DB3 /* Storyboard-1Tests.xctest */ = {isa = PBXFileReference; explicitFileType = wrapper.cfbundle; includeInIndex = 0; path = "Storyboard-1Tests.xctest"; sourceTree = BUILT_PRODUCTS_DIR; };
		D8FC2A1129C8F5BE00AA2DB3 /* Storyboard_1Tests.swift */ = {isa = PBXFileReference; lastKnownFileType = sourcecode.swift; path = Storyboard_1Tests.swift; sourceTree = "<group>"; };
		D8FC2A1729C8F5BE00AA2DB3 /* Storyboard-1UITests.xctest */ = {isa = PBXFileReference; explicitFileType = wrapper.cfbundle; includeInIndex = 0; path = "Storyboard-1UITests.xctest"; sourceTree = BUILT_PRODUCTS_DIR; };
		D8FC2A1B29C8F5BE00AA2DB3 /* Storyboard_1UITests.swift */ = {isa = PBXFileReference; lastKnownFileType = sourcecode.swift; path = Storyboard_1UITests.swift; sourceTree = "<group>"; };
		D8FC2A1D29C8F5BE00AA2DB3 /* Storyboard_1UITestsLaunchTests.swift */ = {isa = PBXFileReference; lastKnownFileType = sourcecode.swift; path = Storyboard_1UITestsLaunchTests.swift; sourceTree = "<group>"; };
/* End PBXFileReference section */

/* Begin PBXFrameworksBuildPhase section */
		D8FC29F429C8F5BC00AA2DB3 /* Frameworks */ = {
			isa = PBXFrameworksBuildPhase;
			buildActionMask = 2147483647;
			files = (
			);
			runOnlyForDeploymentPostprocessing = 0;
		};
		D8FC2A0A29C8F5BE00AA2DB3 /* Frameworks */ = {
			isa = PBXFrameworksBuildPhase;
			buildActionMask = 2147483647;
			files = (
			);
			runOnlyForDeploymentPostprocessing = 0;
		};
		D8FC2A1429C8F5BE00AA2DB3 /* Frameworks */ = {
			isa = PBXFrameworksBuildPhase;
			buildActionMask = 2147483647;
			files = (
			);
			runOnlyForDeploymentPostprocessing = 0;
		};
/* End PBXFrameworksBuildPhase section */

/* Begin PBXGroup section */
		D8FC29EE29C8F5BC00AA2DB3 = {
			isa = PBXGroup;
			children = (
				D8FC29F929C8F5BC00AA2DB3 /* Storyboard-1 */,
				D8FC2A1029C8F5BE00AA2DB3 /* Storyboard-1Tests */,
				D8FC2A1A29C8F5BE00AA2DB3 /* Storyboard-1UITests */,
				D8FC29F829C8F5BC00AA2DB3 /* Products */,
			);
			sourceTree = "<group>";
		};
		D8FC29F829C8F5BC00AA2DB3 /* Products */ = {
			isa = PBXGroup;
			children = (
				D8FC29F729C8F5BC00AA2DB3 /* Storyboard-1.app */,
				D8FC2A0D29C8F5BE00AA2DB3 /* Storyboard-1Tests.xctest */,
				D8FC2A1729C8F5BE00AA2DB3 /* Storyboard-1UITests.xctest */,
			);
			name = Products;
			sourceTree = "<group>";
		};
		D8FC29F929C8F5BC00AA2DB3 /* Storyboard-1 */ = {
			isa = PBXGroup;
			children = (
				D8FC29FA29C8F5BC00AA2DB3 /* AppDelegate.swift */,
				D8FC29FC29C8F5BC00AA2DB3 /* SceneDelegate.swift */,
				D8FC29FE29C8F5BC00AA2DB3 /* ViewController.swift */,
				D8FC2A0029C8F5BC00AA2DB3 /* Main.storyboard */,
				D8FC2A0329C8F5BE00AA2DB3 /* Assets.xcassets */,
				D8FC2A0529C8F5BE00AA2DB3 /* LaunchScreen.storyboard */,
				D8FC2A0829C8F5BE00AA2DB3 /* Info.plist */,
			);
			path = "Storyboard-1";
			sourceTree = "<group>";
		};
		D8FC2A1029C8F5BE00AA2DB3 /* Storyboard-1Tests */ = {
			isa = PBXGroup;
			children = (
				D8FC2A1129C8F5BE00AA2DB3 /* Storyboard_1Tests.swift */,
			);
			path = "Storyboard-1Tests";
			sourceTree = "<group>";
		};
		D8FC2A1A29C8F5BE00AA2DB3 /* Storyboard-1UITests */ = {
			isa = PBXGroup;
			children = (
				D8FC2A1B29C8F5BE00AA2DB3 /* Storyboard_1UITests.swift */,
				D8FC2A1D29C8F5BE00AA2DB3 /* Storyboard_1UITestsLaunchTests.swift */,
			);
			path = "Storyboard-1UITests";
			sourceTree = "<group>";
		};
/* End PBXGroup section */

/* Begin PBXNativeTarget section */
		D8FC29F629C8F5BC00AA2DB3 /* Storyboard-1 */ = {
			isa = PBXNativeTarget;
			buildConfigurationList = D8FC2A2129C8F5BE00AA2DB3 /* Build configuration list for PBXNativeTarget "Storyboard-1" */;
			buildPhases = (
				D8FC29F329C8F5BC00AA2DB3 /* Sources */,
				D8FC29F429C8F5BC00AA2DB3 /* Frameworks */,
				D8FC29F529C8F5BC00AA2DB3 /* Resources */,
			);
			buildRules = (
			);
			dependencies = (
			);
			name = "Storyboard-1";
			productName = "Storyboard-1";
			productReference = D8FC29F729C8F5BC00AA2DB3 /* Storyboard-1.app */;
			productType = "com.apple.product-type.application";
		};
		D8FC2A0C29C8F5BE00AA2DB3 /* Storyboard-1Tests */ = {
			isa = PBXNativeTarget;
			buildConfigurationList = D8FC2A2429C8F5BE00AA2DB3 /* Build configuration list for PBXNativeTarget "Storyboard-1Tests" */;
			buildPhases = (
				D8FC2A0929C8F5BE00AA2DB3 /* Sources */,
				D8FC2A0A29C8F5BE00AA2DB3 /* Frameworks */,
				D8FC2A0B29C8F5BE00AA2DB3 /* Resources */,
			);
			buildRules = (
			);
			dependencies = (
				D8FC2A0F29C8F5BE00AA2DB3 /* PBXTargetDependency */,
			);
			name = "Storyboard-1Tests";
			productName = "Storyboard-1Tests";
			productReference = D8FC2A0D29C8F5BE00AA2DB3 /* Storyboard-1Tests.xctest */;
			productType = "com.apple.product-type.bundle.unit-test";
		};
		D8FC2A1629C8F5BE00AA2DB3 /* Storyboard-1UITests */ = {
			isa = PBXNativeTarget;
			buildConfigurationList = D8FC2A2729C8F5BE00AA2DB3 /* Build configuration list for PBXNativeTarget "Storyboard-1UITests" */;
			buildPhases = (
				D8FC2A1329C8F5BE00AA2DB3 /* Sources */,
				D8FC2A1429C8F5BE00AA2DB3 /* Frameworks */,
				D8FC2A1529C8F5BE00AA2DB3 /* Resources */,
			);
			buildRules = (
			);
			dependencies = (
				D8FC2A1929C8F5BE00AA2DB3 /* PBXTargetDependency */,
			);
			name = "Storyboard-1UITests";
			productName = "Storyboard-1UITests";
			productReference = D8FC2A1729C8F5BE00AA2DB3 /* Storyboard-1UITests.xctest */;
			productType = "com.apple.product-type.bundle.ui-testing";
		};
/* End PBXNativeTarget section */

/* Begin PBXProject section */
		D8FC29EF29C8F5BC00AA2DB3 /* Project object */ = {
			isa = PBXProject;
			attributes = {
				BuildIndependentTargetsInParallel = 1;
				LastSwiftUpdateCheck = 1420;
				LastUpgradeCheck = 1420;
				TargetAttributes = {
					D8FC29F629C8F5BC00AA2DB3 = {
						CreatedOnToolsVersion = 14.2;
					};
					D8FC2A0C29C8F5BE00AA2DB3 = {
						CreatedOnToolsVersion = 14.2;
						TestTargetID = D8FC29F629C8F5BC00AA2DB3;
					};
					D8FC2A1629C8F5BE00AA2DB3 = {
						CreatedOnToolsVersion = 14.2;
						TestTargetID = D8FC29F629C8F5BC00AA2DB3;
					};
				};
			};
			buildConfigurationList = D8FC29F229C8F5BC00AA2DB3 /* Build configuration list for PBXProject "Storyboard-1" */;
			compatibilityVersion = "Xcode 14.0";
			developmentRegion = en;
			hasScannedForEncodings = 0;
			knownRegions = (
				en,
				Base,
			);
			mainGroup = D8FC29EE29C8F5BC00AA2DB3;
			productRefGroup = D8FC29F829C8F5BC00AA2DB3 /* Products */;
			projectDirPath = "";
			projectRoot = "";
			targets = (
				D8FC29F629C8F5BC00AA2DB3 /* Storyboard-1 */,
				D8FC2A0C29C8F5BE00AA2DB3 /* Storyboard-1Tests */,
				D8FC2A1629C8F5BE00AA2DB3 /* Storyboard-1UITests */,
			);
		};
/* End PBXProject section */

/* Begin PBXResourcesBuildPhase section */
		D8FC29F529C8F5BC00AA2DB3 /* Resources */ = {
			isa = PBXResourcesBuildPhase;
			buildActionMask = 2147483647;
			files = (
				D8FC2A0729C8F5BE00AA2DB3 /* LaunchScreen.storyboard in Resources */,
				D8FC2A0429C8F5BE00AA2DB3 /* Assets.xcassets in Resources */,
				D8FC2A0229C8F5BC00AA2DB3 /* Main.storyboard in Resources */,
			);
			runOnlyForDeploymentPostprocessing = 0;
		};
		D8FC2A0B29C8F5BE00AA2DB3 /* Resources */ = {
			isa = PBXResourcesBuildPhase;
			buildActionMask = 2147483647;
			files = (
			);
			runOnlyForDeploymentPostprocessing = 0;
		};
		D8FC2A1529C8F5BE00AA2DB3 /* Resources */ = {
			isa = PBXResourcesBuildPhase;
			buildActionMask = 2147483647;
			files = (
			);
			runOnlyForDeploymentPostprocessing = 0;
		};
/* End PBXResourcesBuildPhase section */

/* Begin PBXSourcesBuildPhase section */
		D8FC29F329C8F5BC00AA2DB3 /* Sources */ = {
			isa = PBXSourcesBuildPhase;
			buildActionMask = 2147483647;
			files = (
				D8FC29FF29C8F5BC00AA2DB3 /* ViewController.swift in Sources */,
				D8FC29FB29C8F5BC00AA2DB3 /* AppDelegate.swift in Sources */,
				D8FC29FD29C8F5BC00AA2DB3 /* SceneDelegate.swift in Sources */,
			);
			runOnlyForDeploymentPostprocessing = 0;
		};
		D8FC2A0929C8F5BE00AA2DB3 /* Sources */ = {
			isa = PBXSourcesBuildPhase;
			buildActionMask = 2147483647;
			files = (
				D8FC2A1229C8F5BE00AA2DB3 /* Storyboard_1Tests.swift in Sources */,
			);
			runOnlyForDeploymentPostprocessing = 0;
		};
		D8FC2A1329C8F5BE00AA2DB3 /* Sources */ = {
			isa = PBXSourcesBuildPhase;
			buildActionMask = 2147483647;
			files = (
				D8FC2A1C29C8F5BE00AA2DB3 /* Storyboard_1UITests.swift in Sources */,
				D8FC2A1E29C8F5BE00AA2DB3 /* Storyboard_1UITestsLaunchTests.swift in Sources */,
			);
			runOnlyForDeploymentPostprocessing = 0;
		};
/* End PBXSourcesBuildPhase section */

/* Begin PBXTargetDependency section */
		D8FC2A0F29C8F5BE00AA2DB3 /* PBXTargetDependency */ = {
			isa = PBXTargetDependency;
			target = D8FC29F629C8F5BC00AA2DB3 /* Storyboard-1 */;
			targetProxy = D8FC2A0E29C8F5BE00AA2DB3 /* PBXContainerItemProxy */;
		};
		D8FC2A1929C8F5BE00AA2DB3 /* PBXTargetDependency */ = {
			isa = PBXTargetDependency;
			target = D8FC29F629C8F5BC00AA2DB3 /* Storyboard-1 */;
			targetProxy = D8FC2A1829C8F5BE00AA2DB3 /* PBXContainerItemProxy */;
		};
/* End PBXTargetDependency section */

/* Begin PBXVariantGroup section */
		D8FC2A0029C8F5BC00AA2DB3 /* Main.storyboard */ = {
			isa = PBXVariantGroup;
			children = (
				D8FC2A0129C8F5BC00AA2DB3 /* Base */,
			);
			name = Main.storyboard;
			sourceTree = "<group>";
		};
		D8FC2A0529C8F5BE00AA2DB3 /* LaunchScreen.storyboard */ = {
			isa = PBXVariantGroup;
			children = (
				D8FC2A0629C8F5BE00AA2DB3 /* Base */,
			);
			name = LaunchScreen.storyboard;
			sourceTree = "<group>";
		};
/* End PBXVariantGroup section */

/* Begin XCBuildConfiguration section */
		D8FC2A1F29C8F5BE00AA2DB3 /* Debug */ = {
			isa = XCBuildConfiguration;
			buildSettings = {
				ALWAYS_SEARCH_USER_PATHS = NO;
				CLANG_ANALYZER_NONNULL = YES;
				CLANG_ANALYZER_NUMBER_OBJECT_CONVERSION = YES_AGGRESSIVE;
				CLANG_CXX_LANGUAGE_STANDARD = "gnu++20";
				CLANG_ENABLE_MODULES = YES;
				CLANG_ENABLE_OBJC_ARC = YES;
				CLANG_ENABLE_OBJC_WEAK = YES;
				CLANG_WARN_BLOCK_CAPTURE_AUTORELEASING = YES;
				CLANG_WARN_BOOL_CONVERSION = YES;
				CLANG_WARN_COMMA = YES;
				CLANG_WARN_CONSTANT_CONVERSION = YES;
				CLANG_WARN_DEPRECATED_OBJC_IMPLEMENTATIONS = YES;
				CLANG_WARN_DIRECT_OBJC_ISA_USAGE = YES_ERROR;
				CLANG_WARN_DOCUMENTATION_COMMENTS = YES;
				CLANG_WARN_EMPTY_BODY = YES;
				CLANG_WARN_ENUM_CONVERSION = YES;
				CLANG_WARN_INFINITE_RECURSION = YES;
				CLANG_WARN_INT_CONVERSION = YES;
				CLANG_WARN_NON_LITERAL_NULL_CONVERSION = YES;
				CLANG_WARN_OBJC_IMPLICIT_RETAIN_SELF = YES;
				CLANG_WARN_OBJC_LITERAL_CONVERSION = YES;
				CLANG_WARN_OBJC_ROOT_CLASS = YES_ERROR;
				CLANG_WARN_QUOTED_INCLUDE_IN_FRAMEWORK_HEADER = YES;
				CLANG_WARN_RANGE_LOOP_ANALYSIS = YES;
				CLANG_WARN_STRICT_PROTOTYPES = YES;
				CLANG_WARN_SUSPICIOUS_MOVE = YES;
				CLANG_WARN_UNGUARDED_AVAILABILITY = YES_AGGRESSIVE;
				CLANG_WARN_UNREACHABLE_CODE = YES;
				CLANG_WARN__DUPLICATE_METHOD_MATCH = YES;
				COPY_PHASE_STRIP = NO;
				DEBUG_INFORMATION_FORMAT = dwarf;
				ENABLE_STRICT_OBJC_MSGSEND = YES;
				ENABLE_TESTABILITY = YES;
				GCC_C_LANGUAGE_STANDARD = gnu11;
				GCC_DYNAMIC_NO_PIC = NO;
				GCC_NO_COMMON_BLOCKS = YES;
				GCC_OPTIMIZATION_LEVEL = 0;
				GCC_PREPROCESSOR_DEFINITIONS = (
					"DEBUG=1",
					"$(inherited)",
				);
				GCC_WARN_64_TO_32_BIT_CONVERSION = YES;
				GCC_WARN_ABOUT_RETURN_TYPE = YES_ERROR;
				GCC_WARN_UNDECLARED_SELECTOR = YES;
				GCC_WARN_UNINITIALIZED_AUTOS = YES_AGGRESSIVE;
				GCC_WARN_UNUSED_FUNCTION = YES;
				GCC_WARN_UNUSED_VARIABLE = YES;
				IPHONEOS_DEPLOYMENT_TARGET = 16.2;
				MTL_ENABLE_DEBUG_INFO = INCLUDE_SOURCE;
				MTL_FAST_MATH = YES;
				ONLY_ACTIVE_ARCH = YES;
				SDKROOT = iphoneos;
				SWIFT_ACTIVE_COMPILATION_CONDITIONS = DEBUG;
				SWIFT_OPTIMIZATION_LEVEL = "-Onone";
			};
			name = Debug;
		};
		D8FC2A2029C8F5BE00AA2DB3 /* Release */ = {
			isa = XCBuildConfiguration;
			buildSettings = {
				ALWAYS_SEARCH_USER_PATHS = NO;
				CLANG_ANALYZER_NONNULL = YES;
				CLANG_ANALYZER_NUMBER_OBJECT_CONVERSION = YES_AGGRESSIVE;
				CLANG_CXX_LANGUAGE_STANDARD = "gnu++20";
				CLANG_ENABLE_MODULES = YES;
				CLANG_ENABLE_OBJC_ARC = YES;
				CLANG_ENABLE_OBJC_WEAK = YES;
				CLANG_WARN_BLOCK_CAPTURE_AUTORELEASING = YES;
				CLANG_WARN_BOOL_CONVERSION = YES;
				CLANG_WARN_COMMA = YES;
				CLANG_WARN_CONSTANT_CONVERSION = YES;
				CLANG_WARN_DEPRECATED_OBJC_IMPLEMENTATIONS = YES;
				CLANG_WARN_DIRECT_OBJC_ISA_USAGE = YES_ERROR;
				CLANG_WARN_DOCUMENTATION_COMMENTS = YES;
				CLANG_WARN_EMPTY_BODY = YES;
				CLANG_WARN_ENUM_CONVERSION = YES;
				CLANG_WARN_INFINITE_RECURSION = YES;
				CLANG_WARN_INT_CONVERSION = YES;
				CLANG_WARN_NON_LITERAL_NULL_CONVERSION = YES;
				CLANG_WARN_OBJC_IMPLICIT_RETAIN_SELF = YES;
				CLANG_WARN_OBJC_LITERAL_CONVERSION = YES;
				CLANG_WARN_OBJC_ROOT_CLASS = YES_ERROR;
				CLANG_WARN_QUOTED_INCLUDE_IN_FRAMEWORK_HEADER = YES;
				CLANG_WARN_RANGE_LOOP_ANALYSIS = YES;
				CLANG_WARN_STRICT_PROTOTYPES = YES;
				CLANG_WARN_SUSPICIOUS_MOVE = YES;
				CLANG_WARN_UNGUARDED_AVAILABILITY = YES_AGGRESSIVE;
				CLANG_WARN_UNREACHABLE_CODE = YES;
				CLANG_WARN__DUPLICATE_METHOD_MATCH = YES;
				COPY_PHASE_STRIP = NO;
				DEBUG_INFORMATION_FORMAT = "dwarf-with-dsym";
				ENABLE_NS_ASSERTIONS = NO;
				ENABLE_STRICT_OBJC_MSGSEND = YES;
				GCC_C_LANGUAGE_STANDARD = gnu11;
				GCC_NO_COMMON_BLOCKS = YES;
				GCC_WARN_64_TO_32_BIT_CONVERSION = YES;
				GCC_WARN_ABOUT_RETURN_TYPE = YES_ERROR;
				GCC_WARN_UNDECLARED_SELECTOR = YES;
				GCC_WARN_UNINITIALIZED_AUTOS = YES_AGGRESSIVE;
				GCC_WARN_UNUSED_FUNCTION = YES;
				GCC_WARN_UNUSED_VARIABLE = YES;
				IPHONEOS_DEPLOYMENT_TARGET = 16.2;
				MTL_ENABLE_DEBUG_INFO = NO;
				MTL_FAST_MATH = YES;
				SDKROOT = iphoneos;
				SWIFT_COMPILATION_MODE = wholemodule;
				SWIFT_OPTIMIZATION_LEVEL = "-O";
				VALIDATE_PRODUCT = YES;
			};
			name = Release;
		};
		D8FC2A2229C8F5BE00AA2DB3 /* Debug */ = {
			isa = XCBuildConfiguration;
			buildSettings = {
				ASSETCATALOG_COMPILER_APPICON_NAME = AppIcon;
				ASSETCATALOG_COMPILER_GLOBAL_ACCENT_COLOR_NAME = AccentColor;
				CODE_SIGN_STYLE = Automatic;
				CURRENT_PROJECT_VERSION = 1;
				DEVELOPMENT_TEAM = DXCQ9WGD8Q;
				GENERATE_INFOPLIST_FILE = YES;
				INFOPLIST_FILE = "Storyboard-1/Info.plist";
				INFOPLIST_KEY_UIApplicationSupportsIndirectInputEvents = YES;
				INFOPLIST_KEY_UILaunchStoryboardName = LaunchScreen;
				INFOPLIST_KEY_UIMainStoryboardFile = Main;
				INFOPLIST_KEY_UISupportedInterfaceOrientations_iPad = "UIInterfaceOrientationPortrait UIInterfaceOrientationPortraitUpsideDown UIInterfaceOrientationLandscapeLeft UIInterfaceOrientationLandscapeRight";
				INFOPLIST_KEY_UISupportedInterfaceOrientations_iPhone = "UIInterfaceOrientationPortrait UIInterfaceOrientationLandscapeLeft UIInterfaceOrientationLandscapeRight";
				LD_RUNPATH_SEARCH_PATHS = (
					"$(inherited)",
					"@executable_path/Frameworks",
				);
				MARKETING_VERSION = 1.0;
				PRODUCT_BUNDLE_IDENTIFIER = "com.seikendojo1.Storyboard-1";
				PRODUCT_NAME = "$(TARGET_NAME)";
				SWIFT_EMIT_LOC_STRINGS = YES;
				SWIFT_VERSION = 5.0;
				TARGETED_DEVICE_FAMILY = "1,2";
			};
			name = Debug;
		};
		D8FC2A2329C8F5BE00AA2DB3 /* Release */ = {
			isa = XCBuildConfiguration;
			buildSettings = {
				ASSETCATALOG_COMPILER_APPICON_NAME = AppIcon;
				ASSETCATALOG_COMPILER_GLOBAL_ACCENT_COLOR_NAME = AccentColor;
				CODE_SIGN_STYLE = Automatic;
				CURRENT_PROJECT_VERSION = 1;
				DEVELOPMENT_TEAM = DXCQ9WGD8Q;
				GENERATE_INFOPLIST_FILE = YES;
				INFOPLIST_FILE = "Storyboard-1/Info.plist";
				INFOPLIST_KEY_UIApplicationSupportsIndirectInputEvents = YES;
				INFOPLIST_KEY_UILaunchStoryboardName = LaunchScreen;
				INFOPLIST_KEY_UIMainStoryboardFile = Main;
				INFOPLIST_KEY_UISupportedInterfaceOrientations_iPad = "UIInterfaceOrientationPortrait UIInterfaceOrientationPortraitUpsideDown UIInterfaceOrientationLandscapeLeft UIInterfaceOrientationLandscapeRight";
				INFOPLIST_KEY_UISupportedInterfaceOrientations_iPhone = "UIInterfaceOrientationPortrait UIInterfaceOrientationLandscapeLeft UIInterfaceOrientationLandscapeRight";
				LD_RUNPATH_SEARCH_PATHS = (
					"$(inherited)",
					"@executable_path/Frameworks",
				);
				MARKETING_VERSION = 1.0;
				PRODUCT_BUNDLE_IDENTIFIER = "com.seikendojo1.Storyboard-1";
				PRODUCT_NAME = "$(TARGET_NAME)";
				SWIFT_EMIT_LOC_STRINGS = YES;
				SWIFT_VERSION = 5.0;
				TARGETED_DEVICE_FAMILY = "1,2";
			};
			name = Release;
		};
		D8FC2A2529C8F5BE00AA2DB3 /* Debug */ = {
			isa = XCBuildConfiguration;
			buildSettings = {
				ALWAYS_EMBED_SWIFT_STANDARD_LIBRARIES = YES;
				BUNDLE_LOADER = "$(TEST_HOST)";
				CODE_SIGN_STYLE = Automatic;
				CURRENT_PROJECT_VERSION = 1;
				DEVELOPMENT_TEAM = DXCQ9WGD8Q;
				GENERATE_INFOPLIST_FILE = YES;
				IPHONEOS_DEPLOYMENT_TARGET = 16.2;
				MARKETING_VERSION = 1.0;
				PRODUCT_BUNDLE_IDENTIFIER = "com.seikendojo1.Storyboard-1Tests";
				PRODUCT_NAME = "$(TARGET_NAME)";
				SWIFT_EMIT_LOC_STRINGS = NO;
				SWIFT_VERSION = 5.0;
				TARGETED_DEVICE_FAMILY = "1,2";
				TEST_HOST = "$(BUILT_PRODUCTS_DIR)/Storyboard-1.app/$(BUNDLE_EXECUTABLE_FOLDER_PATH)/Storyboard-1";
			};
			name = Debug;
		};
		D8FC2A2629C8F5BE00AA2DB3 /* Release */ = {
			isa = XCBuildConfiguration;
			buildSettings = {
				ALWAYS_EMBED_SWIFT_STANDARD_LIBRARIES = YES;
				BUNDLE_LOADER = "$(TEST_HOST)";
				CODE_SIGN_STYLE = Automatic;
				CURRENT_PROJECT_VERSION = 1;
				DEVELOPMENT_TEAM = DXCQ9WGD8Q;
				GENERATE_INFOPLIST_FILE = YES;
				IPHONEOS_DEPLOYMENT_TARGET = 16.2;
				MARKETING_VERSION = 1.0;
				PRODUCT_BUNDLE_IDENTIFIER = "com.seikendojo1.Storyboard-1Tests";
				PRODUCT_NAME = "$(TARGET_NAME)";
				SWIFT_EMIT_LOC_STRINGS = NO;
				SWIFT_VERSION = 5.0;
				TARGETED_DEVICE_FAMILY = "1,2";
				TEST_HOST = "$(BUILT_PRODUCTS_DIR)/Storyboard-1.app/$(BUNDLE_EXECUTABLE_FOLDER_PATH)/Storyboard-1";
			};
			name = Release;
		};
		D8FC2A2829C8F5BE00AA2DB3 /* Debug */ = {
			isa = XCBuildConfiguration;
			buildSettings = {
				ALWAYS_EMBED_SWIFT_STANDARD_LIBRARIES = YES;
				CODE_SIGN_STYLE = Automatic;
				CURRENT_PROJECT_VERSION = 1;
				DEVELOPMENT_TEAM = DXCQ9WGD8Q;
				GENERATE_INFOPLIST_FILE = YES;
				MARKETING_VERSION = 1.0;
				PRODUCT_BUNDLE_IDENTIFIER = "com.seikendojo1.Storyboard-1UITests";
				PRODUCT_NAME = "$(TARGET_NAME)";
				SWIFT_EMIT_LOC_STRINGS = NO;
				SWIFT_VERSION = 5.0;
				TARGETED_DEVICE_FAMILY = "1,2";
				TEST_TARGET_NAME = "Storyboard-1";
			};
			name = Debug;
		};
		D8FC2A2929C8F5BE00AA2DB3 /* Release */ = {
			isa = XCBuildConfiguration;
			buildSettings = {
				ALWAYS_EMBED_SWIFT_STANDARD_LIBRARIES = YES;
				CODE_SIGN_STYLE = Automatic;
				CURRENT_PROJECT_VERSION = 1;
				DEVELOPMENT_TEAM = DXCQ9WGD8Q;
				GENERATE_INFOPLIST_FILE = YES;
				MARKETING_VERSION = 1.0;
				PRODUCT_BUNDLE_IDENTIFIER = "com.seikendojo1.Storyboard-1UITests";
				PRODUCT_NAME = "$(TARGET_NAME)";
				SWIFT_EMIT_LOC_STRINGS = NO;
				SWIFT_VERSION = 5.0;
				TARGETED_DEVICE_FAMILY = "1,2";
				TEST_TARGET_NAME = "Storyboard-1";
			};
			name = Release;
		};
/* End XCBuildConfiguration section */

/* Begin XCConfigurationList section */
		D8FC29F229C8F5BC00AA2DB3 /* Build configuration list for PBXProject "Storyboard-1" */ = {
			isa = XCConfigurationList;
			buildConfigurations = (
				D8FC2A1F29C8F5BE00AA2DB3 /* Debug */,
				D8FC2A2029C8F5BE00AA2DB3 /* Release */,
			);
			defaultConfigurationIsVisible = 0;
			defaultConfigurationName = Release;
		};
		D8FC2A2129C8F5BE00AA2DB3 /* Build configuration list for PBXNativeTarget "Storyboard-1" */ = {
			isa = XCConfigurationList;
			buildConfigurations = (
				D8FC2A2229C8F5BE00AA2DB3 /* Debug */,
				D8FC2A2329C8F5BE00AA2DB3 /* Release */,
			);
			defaultConfigurationIsVisible = 0;
			defaultConfigurationName = Release;
		};
		D8FC2A2429C8F5BE00AA2DB3 /* Build configuration list for PBXNativeTarget "Storyboard-1Tests" */ = {
			isa = XCConfigurationList;
			buildConfigurations = (
				D8FC2A2529C8F5BE00AA2DB3 /* Debug */,
				D8FC2A2629C8F5BE00AA2DB3 /* Release */,
			);
			defaultConfigurationIsVisible = 0;
			defaultConfigurationName = Release;
		};
		D8FC2A2729C8F5BE00AA2DB3 /* Build configuration list for PBXNativeTarget "Storyboard-1UITests" */ = {
			isa = XCConfigurationList;
			buildConfigurations = (
				D8FC2A2829C8F5BE00AA2DB3 /* Debug */,
				D8FC2A2929C8F5BE00AA2DB3 /* Release */,
			);
			defaultConfigurationIsVisible = 0;
			defaultConfigurationName = Release;
		};
/* End XCConfigurationList section */
	};
	rootObject = D8FC29EF29C8F5BC00AA2DB3 /* Project object */;
}
